{
  "version": 4,
  "terraform_version": "1.11.2",
  "serial": 81,
  "lineage": "e062d757-37ec-21fe-bfd8-e61b030668a1",
  "outputs": {
    "ansible_inventory": {
      "value": "[web]\n65.0.12.245 ansible_user=ubuntu ansible_ssh_private_key_file=./terraform-key.pem\n",
      "type": "string"
    },
    "backend_instance_public_ip": {
      "value": "65.0.12.245",
      "type": "string"
    }
  },
  "resources": [
    {
      "mode": "managed",
      "type": "aws_instance",
      "name": "backend_ec2",
      "provider": "provider[\"registry.terraform.io/hashicorp/aws\"]",
      "instances": [
        {
          "schema_version": 1,
          "attributes": {
            "ami": "ami-0e35ddab05955cf57",
            "arn": "arn:aws:ec2:ap-south-1:774305591105:instance/i-0f7f15fb9228ffe2a",
            "associate_public_ip_address": true,
            "availability_zone": "ap-south-1a",
            "capacity_reservation_specification": [
              {
                "capacity_reservation_preference": "open",
                "capacity_reservation_target": []
              }
            ],
            "cpu_core_count": 1,
            "cpu_options": [
              {
                "amd_sev_snp": "",
                "core_count": 1,
                "threads_per_core": 1
              }
            ],
            "cpu_threads_per_core": 1,
            "credit_specification": [
              {
                "cpu_credits": "standard"
              }
            ],
            "disable_api_stop": false,
            "disable_api_termination": false,
            "ebs_block_device": [],
            "ebs_optimized": false,
            "enable_primary_ipv6": null,
            "enclave_options": [
              {
                "enabled": false
              }
            ],
            "ephemeral_block_device": [],
            "get_password_data": false,
            "hibernation": false,
            "host_id": "",
            "host_resource_group_arn": null,
            "iam_instance_profile": "",
            "id": "i-0f7f15fb9228ffe2a",
            "instance_initiated_shutdown_behavior": "stop",
            "instance_lifecycle": "",
            "instance_market_options": [],
            "instance_state": "running",
            "instance_type": "t2.micro",
            "ipv6_address_count": 0,
            "ipv6_addresses": [],
            "key_name": "terraform-key",
            "launch_template": [],
            "maintenance_options": [
              {
                "auto_recovery": "default"
              }
            ],
            "metadata_options": [
              {
                "http_endpoint": "enabled",
                "http_protocol_ipv6": "disabled",
                "http_put_response_hop_limit": 2,
                "http_tokens": "required",
                "instance_metadata_tags": "disabled"
              }
            ],
            "monitoring": false,
            "network_interface": [],
            "outpost_arn": "",
            "password_data": "",
            "placement_group": "",
            "placement_partition_number": 0,
            "primary_network_interface_id": "eni-0f87ec0a3905d4bc0",
            "private_dns": "ip-10-0-1-78.ap-south-1.compute.internal",
            "private_dns_name_options": [
              {
                "enable_resource_name_dns_a_record": false,
                "enable_resource_name_dns_aaaa_record": false,
                "hostname_type": "ip-name"
              }
            ],
            "private_ip": "10.0.1.78",
            "public_dns": "",
            "public_ip": "65.0.12.245",
            "root_block_device": [
              {
                "delete_on_termination": true,
                "device_name": "/dev/sda1",
                "encrypted": false,
                "iops": 3000,
                "kms_key_id": "",
                "tags": {},
                "tags_all": {},
                "throughput": 125,
                "volume_id": "vol-0d61784f4209677d9",
                "volume_size": 8,
                "volume_type": "gp3"
              }
            ],
            "secondary_private_ips": [],
            "security_groups": [],
            "source_dest_check": true,
            "spot_instance_request_id": "",
            "subnet_id": "subnet-060741aa29a86601d",
            "tags": {
              "Name": "Backend-Server"
            },
            "tags_all": {
              "Name": "Backend-Server"
            },
            "tenancy": "default",
            "timeouts": null,
            "user_data": null,
            "user_data_base64": null,
            "user_data_replace_on_change": false,
            "volume_tags": null,
            "vpc_security_group_ids": [
              "sg-02b596e7e36390003"
            ]
          },
          "sensitive_attributes": [],
          "private": "eyJlMmJmYjczMC1lY2FhLTExZTYtOGY4OC0zNDM2M2JjN2M0YzAiOnsiY3JlYXRlIjo2MDAwMDAwMDAwMDAsImRlbGV0ZSI6MTIwMDAwMDAwMDAwMCwicmVhZCI6OTAwMDAwMDAwMDAwLCJ1cGRhdGUiOjYwMDAwMDAwMDAwMH0sInNjaGVtYV92ZXJzaW9uIjoiMSJ9",
          "dependencies": [
            "aws_key_pair.generated_key",
            "aws_security_group.backend_sg",
            "aws_subnet.my_subnet",
            "aws_vpc.my_vpc",
            "tls_private_key.new_key"
          ]
        }
      ]
    },
    {
      "mode": "managed",
      "type": "aws_internet_gateway",
      "name": "igw",
      "provider": "provider[\"registry.terraform.io/hashicorp/aws\"]",
      "instances": [
        {
          "schema_version": 0,
          "attributes": {
            "arn": "arn:aws:ec2:ap-south-1:774305591105:internet-gateway/igw-090d4ec442ea2e0b9",
            "id": "igw-090d4ec442ea2e0b9",
            "owner_id": "774305591105",
            "tags": {
              "Name": "AbdurIGW"
            },
            "tags_all": {
              "Name": "AbdurIGW"
            },
            "timeouts": null,
            "vpc_id": "vpc-034fc187f41ac9bfc"
          },
          "sensitive_attributes": [],
          "private": "eyJlMmJmYjczMC1lY2FhLTExZTYtOGY4OC0zNDM2M2JjN2M0YzAiOnsiY3JlYXRlIjoxMjAwMDAwMDAwMDAwLCJkZWxldGUiOjEyMDAwMDAwMDAwMDAsInVwZGF0ZSI6MTIwMDAwMDAwMDAwMH19",
          "dependencies": [
            "aws_vpc.my_vpc"
          ]
        }
      ]
    },
    {
      "mode": "managed",
      "type": "aws_key_pair",
      "name": "generated_key",
      "provider": "provider[\"registry.terraform.io/hashicorp/aws\"]",
      "instances": [
        {
          "schema_version": 1,
          "attributes": {
            "arn": "arn:aws:ec2:ap-south-1:774305591105:key-pair/terraform-key",
            "fingerprint": "9b:3b:fc:06:a1:f1:04:e5:7c:d0:95:1d:98:d3:2e:74",
            "id": "terraform-key",
            "key_name": "terraform-key",
            "key_name_prefix": "",
            "key_pair_id": "key-0d358d99299dc2043",
            "key_type": "rsa",
            "public_key": "ssh-rsa AAAAB3NzaC1yc2EAAAADAQABAAABAQDakHqvpwdktTvdvlrA5+Vp4eY/rUNdiFh1smVAUHLkyjk25BgvXdJ0InDKCXFv+W9kjXIsx/hTyUUeyLV7RjVuX8x30deOCWriLz04xmCOKoZdBRSnAe/8TrBZT3epyBBHMySyjFpiMFh4UoCDbqEcSYTPwBOeOIrB/qKQp6umVSV8iON3WoYs9aEWZG4bFjOLYxmDp/xKSsLgW5hufaCg/quzRUTIGn2pdpophYWyjB/exHUQ83117H+gteLjIKHzFNyDjZW45jANpZ8G+dRfGy8SZNeNQD1Su3Cw4k/pXv0JQP9rDilB8yLHnQ4N399lxKtPHH3RwngA5SalgxQ5",
            "tags": null,
            "tags_all": {}
          },
          "sensitive_attributes": [],
          "private": "eyJzY2hlbWFfdmVyc2lvbiI6IjEifQ==",
          "dependencies": [
            "tls_private_key.new_key"
          ]
        }
      ]
    },
    {
      "mode": "managed",
      "type": "aws_route_table",
      "name": "route_table",
      "provider": "provider[\"registry.terraform.io/hashicorp/aws\"]",
      "instances": [
        {
          "schema_version": 0,
          "attributes": {
            "arn": "arn:aws:ec2:ap-south-1:774305591105:route-table/rtb-0908942ccf383f4d3",
            "id": "rtb-0908942ccf383f4d3",
            "owner_id": "774305591105",
            "propagating_vgws": [],
            "route": [
              {
                "carrier_gateway_id": "",
                "cidr_block": "0.0.0.0/0",
                "core_network_arn": "",
                "destination_prefix_list_id": "",
                "egress_only_gateway_id": "",
                "gateway_id": "igw-090d4ec442ea2e0b9",
                "ipv6_cidr_block": "",
                "local_gateway_id": "",
                "nat_gateway_id": "",
                "network_interface_id": "",
                "transit_gateway_id": "",
                "vpc_endpoint_id": "",
                "vpc_peering_connection_id": ""
              }
            ],
            "tags": {
              "Name": "AbdurRouteTable"
            },
            "tags_all": {
              "Name": "AbdurRouteTable"
            },
            "timeouts": null,
            "vpc_id": "vpc-034fc187f41ac9bfc"
          },
          "sensitive_attributes": [],
          "private": "eyJlMmJmYjczMC1lY2FhLTExZTYtOGY4OC0zNDM2M2JjN2M0YzAiOnsiY3JlYXRlIjozMDAwMDAwMDAwMDAsImRlbGV0ZSI6MzAwMDAwMDAwMDAwLCJ1cGRhdGUiOjEyMDAwMDAwMDAwMH19",
          "dependencies": [
            "aws_internet_gateway.igw",
            "aws_vpc.my_vpc"
          ]
        }
      ]
    },
    {
      "mode": "managed",
      "type": "aws_route_table_association",
      "name": "rt_assoc",
      "provider": "provider[\"registry.terraform.io/hashicorp/aws\"]",
      "instances": [
        {
          "schema_version": 0,
          "attributes": {
            "gateway_id": "",
            "id": "rtbassoc-0a8af4c44090b58d0",
            "route_table_id": "rtb-0908942ccf383f4d3",
            "subnet_id": "subnet-060741aa29a86601d",
            "timeouts": null
          },
          "sensitive_attributes": [],
          "private": "eyJlMmJmYjczMC1lY2FhLTExZTYtOGY4OC0zNDM2M2JjN2M0YzAiOnsiY3JlYXRlIjozMDAwMDAwMDAwMDAsImRlbGV0ZSI6MzAwMDAwMDAwMDAwLCJ1cGRhdGUiOjEyMDAwMDAwMDAwMH19",
          "dependencies": [
            "aws_internet_gateway.igw",
            "aws_route_table.route_table",
            "aws_subnet.my_subnet",
            "aws_vpc.my_vpc"
          ]
        }
      ]
    },
    {
      "mode": "managed",
      "type": "aws_s3_bucket",
      "name": "artifact_bucket",
      "provider": "provider[\"registry.terraform.io/hashicorp/aws\"]",
      "instances": [
        {
          "schema_version": 0,
          "attributes": {
            "acceleration_status": "",
            "acl": "private",
            "arn": "arn:aws:s3:::abdur-backend-artifacts-2025",
            "bucket": "abdur-backend-artifacts-2025",
            "bucket_domain_name": "abdur-backend-artifacts-2025.s3.amazonaws.com",
            "bucket_prefix": "",
            "bucket_regional_domain_name": "abdur-backend-artifacts-2025.s3.ap-south-1.amazonaws.com",
            "cors_rule": [],
            "force_destroy": false,
            "grant": [
              {
                "id": "50f50fda202c6857ba3f4cb4dc21b563241a5259d6fae920685073eaecd37782",
                "permissions": [
                  "FULL_CONTROL"
                ],
                "type": "CanonicalUser",
                "uri": ""
              }
            ],
            "hosted_zone_id": "Z11RGJOFQNVJUP",
            "id": "abdur-backend-artifacts-2025",
            "lifecycle_rule": [],
            "logging": [],
            "object_lock_configuration": [],
            "object_lock_enabled": false,
            "policy": "",
            "region": "ap-south-1",
            "replication_configuration": [],
            "request_payer": "BucketOwner",
            "server_side_encryption_configuration": [
              {
                "rule": [
                  {
                    "apply_server_side_encryption_by_default": [
                      {
                        "kms_master_key_id": "",
                        "sse_algorithm": "AES256"
                      }
                    ],
                    "bucket_key_enabled": false
                  }
                ]
              }
            ],
            "tags": {
              "Environment": "Dev",
              "Name": "ArtifactBucket"
            },
            "tags_all": {
              "Environment": "Dev",
              "Name": "ArtifactBucket"
            },
            "timeouts": null,
            "versioning": [
              {
                "enabled": false,
                "mfa_delete": false
              }
            ],
            "website": [],
            "website_domain": null,
            "website_endpoint": null
          },
          "sensitive_attributes": [],
          "private": "eyJlMmJmYjczMC1lY2FhLTExZTYtOGY4OC0zNDM2M2JjN2M0YzAiOnsiY3JlYXRlIjoxMjAwMDAwMDAwMDAwLCJkZWxldGUiOjM2MDAwMDAwMDAwMDAsInJlYWQiOjEyMDAwMDAwMDAwMDAsInVwZGF0ZSI6MTIwMDAwMDAwMDAwMH19"
        }
      ]
    },
    {
      "mode": "managed",
      "type": "aws_security_group",
      "name": "backend_sg",
      "provider": "provider[\"registry.terraform.io/hashicorp/aws\"]",
      "instances": [
        {
          "schema_version": 1,
          "attributes": {
            "arn": "arn:aws:ec2:ap-south-1:774305591105:security-group/sg-02b596e7e36390003",
            "description": "Allow SSH and backend ports",
            "egress": [
              {
                "cidr_blocks": [
                  "0.0.0.0/0"
                ],
                "description": "",
                "from_port": 0,
                "ipv6_cidr_blocks": [],
                "prefix_list_ids": [],
                "protocol": "-1",
                "security_groups": [],
                "self": false,
                "to_port": 0
              }
            ],
            "id": "sg-02b596e7e36390003",
            "ingress": [
              {
                "cidr_blocks": [
                  "0.0.0.0/0"
                ],
                "description": "",
                "from_port": 22,
                "ipv6_cidr_blocks": [],
                "prefix_list_ids": [],
                "protocol": "tcp",
                "security_groups": [],
                "self": false,
                "to_port": 22
              },
              {
                "cidr_blocks": [
                  "0.0.0.0/0"
                ],
                "description": "",
                "from_port": 4000,
                "ipv6_cidr_blocks": [],
                "prefix_list_ids": [],
                "protocol": "tcp",
                "security_groups": [],
                "self": false,
                "to_port": 4000
              }
            ],
            "name": "backend-sg",
            "name_prefix": "",
            "owner_id": "774305591105",
            "revoke_rules_on_delete": false,
            "tags": null,
            "tags_all": {},
            "timeouts": null,
            "vpc_id": "vpc-034fc187f41ac9bfc"
          },
          "sensitive_attributes": [],
          "private": "eyJlMmJmYjczMC1lY2FhLTExZTYtOGY4OC0zNDM2M2JjN2M0YzAiOnsiY3JlYXRlIjo2MDAwMDAwMDAwMDAsImRlbGV0ZSI6OTAwMDAwMDAwMDAwfSwic2NoZW1hX3ZlcnNpb24iOiIxIn0=",
          "dependencies": [
            "aws_vpc.my_vpc"
          ]
        }
      ]
    },
    {
      "mode": "managed",
      "type": "aws_subnet",
      "name": "my_subnet",
      "provider": "provider[\"registry.terraform.io/hashicorp/aws\"]",
      "instances": [
        {
          "schema_version": 1,
          "attributes": {
            "arn": "arn:aws:ec2:ap-south-1:774305591105:subnet/subnet-060741aa29a86601d",
            "assign_ipv6_address_on_creation": false,
            "availability_zone": "ap-south-1a",
            "availability_zone_id": "aps1-az1",
            "cidr_block": "10.0.1.0/24",
            "customer_owned_ipv4_pool": "",
            "enable_dns64": false,
            "enable_lni_at_device_index": 0,
            "enable_resource_name_dns_a_record_on_launch": false,
            "enable_resource_name_dns_aaaa_record_on_launch": false,
            "id": "subnet-060741aa29a86601d",
            "ipv6_cidr_block": "",
            "ipv6_cidr_block_association_id": "",
            "ipv6_native": false,
            "map_customer_owned_ip_on_launch": false,
            "map_public_ip_on_launch": true,
            "outpost_arn": "",
            "owner_id": "774305591105",
            "private_dns_hostname_type_on_launch": "ip-name",
            "tags": {
              "Name": "AbdurSubnet"
            },
            "tags_all": {
              "Name": "AbdurSubnet"
            },
            "timeouts": null,
            "vpc_id": "vpc-034fc187f41ac9bfc"
          },
          "sensitive_attributes": [],
          "private": "eyJlMmJmYjczMC1lY2FhLTExZTYtOGY4OC0zNDM2M2JjN2M0YzAiOnsiY3JlYXRlIjo2MDAwMDAwMDAwMDAsImRlbGV0ZSI6MTIwMDAwMDAwMDAwMH0sInNjaGVtYV92ZXJzaW9uIjoiMSJ9",
          "dependencies": [
            "aws_vpc.my_vpc"
          ]
        }
      ]
    },
    {
      "mode": "managed",
      "type": "aws_vpc",
      "name": "my_vpc",
      "provider": "provider[\"registry.terraform.io/hashicorp/aws\"]",
      "instances": [
        {
          "schema_version": 1,
          "attributes": {
            "arn": "arn:aws:ec2:ap-south-1:774305591105:vpc/vpc-034fc187f41ac9bfc",
            "assign_generated_ipv6_cidr_block": false,
            "cidr_block": "10.0.0.0/16",
            "default_network_acl_id": "acl-0c838f62197aa6af2",
            "default_route_table_id": "rtb-0f187db132ecb2ef3",
            "default_security_group_id": "sg-0e8320a8fe789983d",
            "dhcp_options_id": "dopt-02e6d9a3471558097",
            "enable_dns_hostnames": false,
            "enable_dns_support": true,
            "enable_network_address_usage_metrics": false,
            "id": "vpc-034fc187f41ac9bfc",
            "instance_tenancy": "default",
            "ipv4_ipam_pool_id": null,
            "ipv4_netmask_length": null,
            "ipv6_association_id": "",
            "ipv6_cidr_block": "",
            "ipv6_cidr_block_network_border_group": "",
            "ipv6_ipam_pool_id": "",
            "ipv6_netmask_length": 0,
            "main_route_table_id": "rtb-0f187db132ecb2ef3",
            "owner_id": "774305591105",
            "tags": {
              "Name": "AbdurVPC"
            },
            "tags_all": {
              "Name": "AbdurVPC"
            }
          },
          "sensitive_attributes": [],
          "private": "eyJzY2hlbWFfdmVyc2lvbiI6IjEifQ=="
        }
      ]
    },
    {
      "mode": "managed",
      "type": "local_file",
      "name": "save_key",
      "provider": "provider[\"registry.terraform.io/hashicorp/local\"]",
      "instances": [
        {
          "schema_version": 0,
          "attributes": {
            "content": "-----BEGIN RSA PRIVATE KEY-----\nMIIEowIBAAKCAQEA2pB6r6cHZLU73b5awOflaeHmP61DXYhYdbJlQFBy5Mo5NuQY\nL13SdCJwyglxb/lvZI1yLMf4U8lFHsi1e0Y1bl/Md9HXjglq4i89OMZgjiqGXQUU\npwHv/E6wWU93qcgQRzMksoxaYjBYeFKAg26hHEmEz8ATnjiKwf6ikKerplUlfIjj\nd1qGLPWhFmRuGxYzi2MZg6f8SkrC4FuYbn2goP6rs0VEyBp9qXaaKYWFsowf3sR1\nEPN9dex/oLXi4yCh8xTcg42VuOYwDaWfBvnUXxsvEmTXjUA9UrtwsOJP6V79CUD/\naw4pQfMix50ODd/fZcSrTxx90cJ4AOUmpYMUOQIDAQABAoIBAQCoEBTm4I8E139T\nQT5Tu31i77u3FyoH0AIFbsoArFvMpdtc5APc2E4t0xXbpWs+6RTIwyMaYCIJe2jV\nBQzX3+LSHoQBVrBjncY8aoqvD4vLhdOPz4pT6V96KZ/c7Qhc22P4+9CqItaVTguZ\nagc8CWOFdtrTTSVIsr2v8ndauDN7T+4NyftGqry+6DA7gQheINAPVLWx9e/uQxtb\npE4WQqf3tJb+Chc/haW8F+UFvHdgNF7rkZpqqRHUfBDCT8FlkNe78Xh2E710tQb+\naJiAq3W51u97VuHR1xA8JVmW6b3v+YxLU3hqlW1RYjTkioik/HuG6DwqtwIOqU6j\nfhMnY0zJAoGBAPD1M6Cr4d8hYzeB/V6onoBEPORObUxLS0Qf7o2BK73EighehRaT\nl8C6g3pejY7NfrhUmW+gPJ+8q4KPGaVRu4hGNEtiesi7FIe8PSpAAnpMna4lX6zb\nyZfTdqjptzxKUW7+71zrrVKhJfzbwodkqU4s+IJkbgFEG55RfYGCTnRfAoGBAOg1\nZzKth6bNnKM/w4wDI52dv6iKR6wk+xPVtnW0gwnvN9uSwu/81GWw+dgqyiMwTFRT\n3Eq9ahCLwhhBP2aEFY0wmD8UbvbEUkiqP6Yy6m/B0STIslEVfmXrlf140XYvLzk4\nfzvfKr9TyAF75Nzhc+5CcMQGERrrASfKbTrRBP5nAoGAShH2JuPvcRngWAXbjyei\nYaeYWE5LhvJ2VqDCQjl86r7p95ymqMQCGDq9g/Zg6Y7970gCSrAlMq1aw62dopY3\nYbLDDJFfUSlBLGCPJNe8az/2ELxoZsjBdayJg28k5qGp2sb/ab8A7q+e79XWPKyS\n5vcoBV09+6GmI8rFG/SkjV0CgYAyJ06p0HcrHN/HFr+anxbzNR4vPearFLWyHAez\ntpBS9fsfjrxR707ExAvCl8NfBFCIKjC7Z9vfxP/gEz+pWb/55dQMU9J/s/l9vl/O\n+tJN3xPYGQ0CnFzXkKGtxImhOCG//ybj/JiUCHl7cJIG7x8GCA2pGRJauQVf3cXn\n3Ttx4wKBgGG4C3qUp1sjK/Rv28olCPCIp5ZDIHllEmhHlTMAETju4GT0ll8ymDtl\n6FGl0MasF0ESSSJ5o26UbAEdqohSp+bZy1NDUaiQi9byrQaS6fWyNCNQE0ZxL7Ep\nVrDyCJ9HpMA/QV7P10v2wpITdC6fljCynJ6GTG2auIrBVEC9XzDm\n-----END RSA PRIVATE KEY-----\n",
            "content_base64": null,
            "content_base64sha256": "cscIVSn+fh4iyudBGH/dhDtUO+8WNePcW4dYZAJXByc=",
            "content_base64sha512": "HUNKhCq5OnlAtsSdr8nL8cyBf+tEtXlhmpjBPNs2CilmR/EaLNNc8U+x0kOhbjwwMiNrlKWG2kH1KUz6onyXSw==",
            "content_md5": "f5848fc8bb9a30f50e7f7c3d653a12a2",
            "content_sha1": "8be0d1021c2fecb4f2230db9abaf546a2943446f",
            "content_sha256": "72c7085529fe7e1e22cae741187fdd843b543bef1635e3dc5b87586402570727",
            "content_sha512": "1d434a842ab93a7940b6c49dafc9cbf1cc817feb44b579619a98c13cdb360a296647f11a2cd35cf14fb1d243a16e3c3032236b94a586da41f5294cfaa27c974b",
            "directory_permission": "0700",
            "file_permission": "0400",
            "filename": "./terraform-key.pem",
            "id": "8be0d1021c2fecb4f2230db9abaf546a2943446f",
            "sensitive_content": null,
            "source": null
          },
          "sensitive_attributes": [
            [
              {
                "type": "get_attr",
                "value": "content"
              }
            ],
            [
              {
                "type": "get_attr",
                "value": "sensitive_content"
              }
            ]
          ],
          "dependencies": [
            "tls_private_key.new_key"
          ]
        }
      ]
    },
    {
      "mode": "managed",
      "type": "tls_private_key",
      "name": "new_key",
      "provider": "provider[\"registry.terraform.io/hashicorp/tls\"]",
      "instances": [
        {
          "schema_version": 1,
          "attributes": {
            "algorithm": "RSA",
            "ecdsa_curve": "P224",
            "id": "700f63e380b59922817be504cbc2ea407309d5ac",
            "private_key_openssh": "-----BEGIN OPENSSH PRIVATE KEY-----\nb3BlbnNzaC1rZXktdjEAAAAABG5vbmUAAAAEbm9uZQAAAAAAAAABAAABFwAAAAdz\nc2gtcnNhAAAAAwEAAQAAAQEA2pB6r6cHZLU73b5awOflaeHmP61DXYhYdbJlQFBy\n5Mo5NuQYL13SdCJwyglxb/lvZI1yLMf4U8lFHsi1e0Y1bl/Md9HXjglq4i89OMZg\njiqGXQUUpwHv/E6wWU93qcgQRzMksoxaYjBYeFKAg26hHEmEz8ATnjiKwf6ikKer\nplUlfIjjd1qGLPWhFmRuGxYzi2MZg6f8SkrC4FuYbn2goP6rs0VEyBp9qXaaKYWF\nsowf3sR1EPN9dex/oLXi4yCh8xTcg42VuOYwDaWfBvnUXxsvEmTXjUA9UrtwsOJP\n6V79CUD/aw4pQfMix50ODd/fZcSrTxx90cJ4AOUmpYMUOQAAA7g31GPUN9Rj1AAA\nAAdzc2gtcnNhAAABAQDakHqvpwdktTvdvlrA5+Vp4eY/rUNdiFh1smVAUHLkyjk2\n5BgvXdJ0InDKCXFv+W9kjXIsx/hTyUUeyLV7RjVuX8x30deOCWriLz04xmCOKoZd\nBRSnAe/8TrBZT3epyBBHMySyjFpiMFh4UoCDbqEcSYTPwBOeOIrB/qKQp6umVSV8\niON3WoYs9aEWZG4bFjOLYxmDp/xKSsLgW5hufaCg/quzRUTIGn2pdpophYWyjB/e\nxHUQ83117H+gteLjIKHzFNyDjZW45jANpZ8G+dRfGy8SZNeNQD1Su3Cw4k/pXv0J\nQP9rDilB8yLHnQ4N399lxKtPHH3RwngA5SalgxQ5AAAAAwEAAQAAAQEAqBAU5uCP\nBNd/U0E+U7t9Yu+7txcqB9ACBW7KAKxbzKXbXOQD3NhOLdMV26VrPukUyMMjGmAi\nCXto1QUM19/i0h6EAVawY53GPGqKrw+Ly4XTj8+KU+lfeimf3O0IXNtj+PvQqiLW\nlU4LmWoHPAljhXba000lSLK9r/J3Wrgze0/uDcn7Rqq8vugwO4EIXiDQD1S1sfXv\n7kMbW6ROFkKn97SW/goXP4WlvBflBbx3YDRe65GaaqkR1HwQwk/BZZDXu/F4dhO9\ndLUG/miYgKt1udbve1bh0dcQPCVZlum97/mMS1N4apVtUWI05IqIpPx7hug8KrcC\nDqlOo34TJ2NMyQAAAIBhuAt6lKdbIyv0b9vKJQjwiKeWQyB5ZRJoR5UzABE47uBk\n9JZfMpg7ZehRpdDGrBdBEkkieaNulGwBHaqIUqfm2ctTQ1GokIvW8q0Gkun1sjQj\nUBNGcS+xKVaw8gifR6TAP0Fez9dL9sKSE3Qun5YwspyehkxtmriKwVRAvV8w5gAA\nAIEA8PUzoKvh3yFjN4H9XqiegEQ85E5tTEtLRB/ujYErvcSKCF6FFpOXwLqDel6N\njs1+uFSZb6A8n7yrgo8ZpVG7iEY0S2J6yLsUh7w9KkACekydriVfrNvJl9N2qOm3\nPEpRbv7vXOutUqEl/NvCh2SpTiz4gmRuAUQbnlF9gYJOdF8AAACBAOg1ZzKth6bN\nnKM/w4wDI52dv6iKR6wk+xPVtnW0gwnvN9uSwu/81GWw+dgqyiMwTFRT3Eq9ahCL\nwhhBP2aEFY0wmD8UbvbEUkiqP6Yy6m/B0STIslEVfmXrlf140XYvLzk4fzvfKr9T\nyAF75Nzhc+5CcMQGERrrASfKbTrRBP5nAAAAAAEC\n-----END OPENSSH PRIVATE KEY-----\n",
            "private_key_pem": "-----BEGIN RSA PRIVATE KEY-----\nMIIEowIBAAKCAQEA2pB6r6cHZLU73b5awOflaeHmP61DXYhYdbJlQFBy5Mo5NuQY\nL13SdCJwyglxb/lvZI1yLMf4U8lFHsi1e0Y1bl/Md9HXjglq4i89OMZgjiqGXQUU\npwHv/E6wWU93qcgQRzMksoxaYjBYeFKAg26hHEmEz8ATnjiKwf6ikKerplUlfIjj\nd1qGLPWhFmRuGxYzi2MZg6f8SkrC4FuYbn2goP6rs0VEyBp9qXaaKYWFsowf3sR1\nEPN9dex/oLXi4yCh8xTcg42VuOYwDaWfBvnUXxsvEmTXjUA9UrtwsOJP6V79CUD/\naw4pQfMix50ODd/fZcSrTxx90cJ4AOUmpYMUOQIDAQABAoIBAQCoEBTm4I8E139T\nQT5Tu31i77u3FyoH0AIFbsoArFvMpdtc5APc2E4t0xXbpWs+6RTIwyMaYCIJe2jV\nBQzX3+LSHoQBVrBjncY8aoqvD4vLhdOPz4pT6V96KZ/c7Qhc22P4+9CqItaVTguZ\nagc8CWOFdtrTTSVIsr2v8ndauDN7T+4NyftGqry+6DA7gQheINAPVLWx9e/uQxtb\npE4WQqf3tJb+Chc/haW8F+UFvHdgNF7rkZpqqRHUfBDCT8FlkNe78Xh2E710tQb+\naJiAq3W51u97VuHR1xA8JVmW6b3v+YxLU3hqlW1RYjTkioik/HuG6DwqtwIOqU6j\nfhMnY0zJAoGBAPD1M6Cr4d8hYzeB/V6onoBEPORObUxLS0Qf7o2BK73EighehRaT\nl8C6g3pejY7NfrhUmW+gPJ+8q4KPGaVRu4hGNEtiesi7FIe8PSpAAnpMna4lX6zb\nyZfTdqjptzxKUW7+71zrrVKhJfzbwodkqU4s+IJkbgFEG55RfYGCTnRfAoGBAOg1\nZzKth6bNnKM/w4wDI52dv6iKR6wk+xPVtnW0gwnvN9uSwu/81GWw+dgqyiMwTFRT\n3Eq9ahCLwhhBP2aEFY0wmD8UbvbEUkiqP6Yy6m/B0STIslEVfmXrlf140XYvLzk4\nfzvfKr9TyAF75Nzhc+5CcMQGERrrASfKbTrRBP5nAoGAShH2JuPvcRngWAXbjyei\nYaeYWE5LhvJ2VqDCQjl86r7p95ymqMQCGDq9g/Zg6Y7970gCSrAlMq1aw62dopY3\nYbLDDJFfUSlBLGCPJNe8az/2ELxoZsjBdayJg28k5qGp2sb/ab8A7q+e79XWPKyS\n5vcoBV09+6GmI8rFG/SkjV0CgYAyJ06p0HcrHN/HFr+anxbzNR4vPearFLWyHAez\ntpBS9fsfjrxR707ExAvCl8NfBFCIKjC7Z9vfxP/gEz+pWb/55dQMU9J/s/l9vl/O\n+tJN3xPYGQ0CnFzXkKGtxImhOCG//ybj/JiUCHl7cJIG7x8GCA2pGRJauQVf3cXn\n3Ttx4wKBgGG4C3qUp1sjK/Rv28olCPCIp5ZDIHllEmhHlTMAETju4GT0ll8ymDtl\n6FGl0MasF0ESSSJ5o26UbAEdqohSp+bZy1NDUaiQi9byrQaS6fWyNCNQE0ZxL7Ep\nVrDyCJ9HpMA/QV7P10v2wpITdC6fljCynJ6GTG2auIrBVEC9XzDm\n-----END RSA PRIVATE KEY-----\n",
            "private_key_pem_pkcs8": "-----BEGIN PRIVATE KEY-----\nMIIEvQIBADANBgkqhkiG9w0BAQEFAASCBKcwggSjAgEAAoIBAQDakHqvpwdktTvd\nvlrA5+Vp4eY/rUNdiFh1smVAUHLkyjk25BgvXdJ0InDKCXFv+W9kjXIsx/hTyUUe\nyLV7RjVuX8x30deOCWriLz04xmCOKoZdBRSnAe/8TrBZT3epyBBHMySyjFpiMFh4\nUoCDbqEcSYTPwBOeOIrB/qKQp6umVSV8iON3WoYs9aEWZG4bFjOLYxmDp/xKSsLg\nW5hufaCg/quzRUTIGn2pdpophYWyjB/exHUQ83117H+gteLjIKHzFNyDjZW45jAN\npZ8G+dRfGy8SZNeNQD1Su3Cw4k/pXv0JQP9rDilB8yLHnQ4N399lxKtPHH3RwngA\n5SalgxQ5AgMBAAECggEBAKgQFObgjwTXf1NBPlO7fWLvu7cXKgfQAgVuygCsW8yl\n21zkA9zYTi3TFdulaz7pFMjDIxpgIgl7aNUFDNff4tIehAFWsGOdxjxqiq8Pi8uF\n04/PilPpX3opn9ztCFzbY/j70Koi1pVOC5lqBzwJY4V22tNNJUiyva/yd1q4M3tP\n7g3J+0aqvL7oMDuBCF4g0A9UtbH17+5DG1ukThZCp/e0lv4KFz+FpbwX5QW8d2A0\nXuuRmmqpEdR8EMJPwWWQ17vxeHYTvXS1Bv5omICrdbnW73tW4dHXEDwlWZbpve/5\njEtTeGqVbVFiNOSKiKT8e4boPCq3Ag6pTqN+EydjTMkCgYEA8PUzoKvh3yFjN4H9\nXqiegEQ85E5tTEtLRB/ujYErvcSKCF6FFpOXwLqDel6Njs1+uFSZb6A8n7yrgo8Z\npVG7iEY0S2J6yLsUh7w9KkACekydriVfrNvJl9N2qOm3PEpRbv7vXOutUqEl/NvC\nh2SpTiz4gmRuAUQbnlF9gYJOdF8CgYEA6DVnMq2Hps2coz/DjAMjnZ2/qIpHrCT7\nE9W2dbSDCe8325LC7/zUZbD52CrKIzBMVFPcSr1qEIvCGEE/ZoQVjTCYPxRu9sRS\nSKo/pjLqb8HRJMiyURV+ZeuV/XjRdi8vOTh/O98qv1PIAXvk3OFz7kJwxAYRGusB\nJ8ptOtEE/mcCgYBKEfYm4+9xGeBYBduPJ6Jhp5hYTkuG8nZWoMJCOXzqvun3nKao\nxAIYOr2D9mDpjv3vSAJKsCUyrVrDrZ2iljdhssMMkV9RKUEsYI8k17xrP/YQvGhm\nyMF1rImDbyTmoanaxv9pvwDur57v1dY8rJLm9ygFXT37oaYjysUb9KSNXQKBgDIn\nTqnQdysc38cWv5qfFvM1Hi895qsUtbIcB7O2kFL1+x+OvFHvTsTEC8KXw18EUIgq\nMLtn29/E/+ATP6lZv/nl1AxT0n+z+X2+X8760k3fE9gZDQKcXNeQoa3EiaE4Ib//\nJuP8mJQIeXtwkgbvHwYIDakZElq5BV/dxefdO3HjAoGAYbgLepSnWyMr9G/byiUI\n8IinlkMgeWUSaEeVMwAROO7gZPSWXzKYO2XoUaXQxqwXQRJJInmjbpRsAR2qiFKn\n5tnLU0NRqJCL1vKtBpLp9bI0I1ATRnEvsSlWsPIIn0ekwD9BXs/XS/bCkhN0Lp+W\nMLKcnoZMbZq4isFUQL1fMOY=\n-----END PRIVATE KEY-----\n",
            "public_key_fingerprint_md5": "d0:f5:43:76:c1:5a:dc:42:18:68:93:49:2f:20:e7:f8",
            "public_key_fingerprint_sha256": "SHA256:wZmHnAXV+CG5i4p8/q5I7NXL3KJovwHUHQxuE6WFVyk",
            "public_key_openssh": "ssh-rsa AAAAB3NzaC1yc2EAAAADAQABAAABAQDakHqvpwdktTvdvlrA5+Vp4eY/rUNdiFh1smVAUHLkyjk25BgvXdJ0InDKCXFv+W9kjXIsx/hTyUUeyLV7RjVuX8x30deOCWriLz04xmCOKoZdBRSnAe/8TrBZT3epyBBHMySyjFpiMFh4UoCDbqEcSYTPwBOeOIrB/qKQp6umVSV8iON3WoYs9aEWZG4bFjOLYxmDp/xKSsLgW5hufaCg/quzRUTIGn2pdpophYWyjB/exHUQ83117H+gteLjIKHzFNyDjZW45jANpZ8G+dRfGy8SZNeNQD1Su3Cw4k/pXv0JQP9rDilB8yLHnQ4N399lxKtPHH3RwngA5SalgxQ5\n",
            "public_key_pem": "-----BEGIN PUBLIC KEY-----\nMIIBIjANBgkqhkiG9w0BAQEFAAOCAQ8AMIIBCgKCAQEA2pB6r6cHZLU73b5awOfl\naeHmP61DXYhYdbJlQFBy5Mo5NuQYL13SdCJwyglxb/lvZI1yLMf4U8lFHsi1e0Y1\nbl/Md9HXjglq4i89OMZgjiqGXQUUpwHv/E6wWU93qcgQRzMksoxaYjBYeFKAg26h\nHEmEz8ATnjiKwf6ikKerplUlfIjjd1qGLPWhFmRuGxYzi2MZg6f8SkrC4FuYbn2g\noP6rs0VEyBp9qXaaKYWFsowf3sR1EPN9dex/oLXi4yCh8xTcg42VuOYwDaWfBvnU\nXxsvEmTXjUA9UrtwsOJP6V79CUD/aw4pQfMix50ODd/fZcSrTxx90cJ4AOUmpYMU\nOQIDAQAB\n-----END PUBLIC KEY-----\n",
            "rsa_bits": 2048
          },
          "sensitive_attributes": [
            [
              {
                "type": "get_attr",
                "value": "private_key_pem_pkcs8"
              }
            ],
            [
              {
                "type": "get_attr",
                "value": "private_key_pem"
              }
            ],
            [
              {
                "type": "get_attr",
                "value": "private_key_openssh"
              }
            ]
          ]
        }
      ]
    }
  ],
  "check_results": null
}
